
Microsoft Visual Studio Solution File, Format Version 12.00
# Visual Studio Version 16
VisualStudioVersion = 16.0.29326.143
MinimumVisualStudioVersion = 10.0.40219.1
Project("{FAE04EC0-301F-11D3-BF4B-00C04F79EFBC}") = "yuz1072005", "yuz1072005\yuz1072005.csproj", "{751775E1-1991-4F07-9778-BAF7DB3BA795}"
EndProject
Global
	GlobalSection(SolutionConfigurationPlatforms) = preSolution
		Debug|Any CPU = Debug|Any CPU
		Release|Any CPU = Release|Any CPU
	EndGlobalSection
	GlobalSection(ProjectConfigurationPlatforms) = postSolution
		{751775E1-1991-4F07-9778-BAF7DB3BA795}.Debug|Any CPU.ActiveCfg = Debug|Any CPU
		{751775E1-1991-4F07-9778-BAF7DB3BA795}.Debug|Any CPU.Build.0 = Debug|Any CPU
		{751775E1-1991-4F07-9778-BAF7DB3BA795}.Release|Any CPU.ActiveCfg = Release|Any CPU
		{751775E1-1991-4F07-9778-BAF7DB3BA795}.Release|Any CPU.Build.0 = Release|Any CPU
	EndGlobalSection
	GlobalSection(SolutionProperties) = preSolution
		HideSolutionNode = FALSE
	EndGlobalSection
	GlobalSection(ExtensibilityGlobals) = postSolution
		SolutionGuid = {FD8AD7C6-CDB0-45A8-9ADB-2704CFDEC0E2}
	EndGlobalSection
EndGlobal
